
Microsoft Visual Studio Solution File, Format Version 12.00
# Visual Studio Version 16
VisualStudioVersion = 16.0.31205.134
MinimumVisualStudioVersion = 10.0.40219.1
Project("{FAE04EC0-301F-11D3-BF4B-00C04F79EFBC}") = "GiovannyZarumaExamen.Android", "GiovannyZarumaExamen.Android\GiovannyZarumaExamen.Android.csproj", "{BC99F672-4974-4C85-88BA-F86B37A473E0}"
EndProject
Project("{FAE04EC0-301F-11D3-BF4B-00C04F79EFBC}") = "GiovannyZarumaExamen.iOS", "GiovannyZarumaExamen.iOS\GiovannyZarumaExamen.iOS.csproj", "{A94B8FA4-1E5B-4C7E-A49A-D4F9223E80AA}"
EndProject
Project("{FAE04EC0-301F-11D3-BF4B-00C04F79EFBC}") = "GiovannyZarumaExamen", "GiovannyZarumaExamen\GiovannyZarumaExamen.csproj", "{E7179BF7-84EC-4FE1-8BBE-83652B3054C6}"
EndProject
Global
	GlobalSection(SolutionConfigurationPlatforms) = preSolution
		Debug|Any CPU = Debug|Any CPU
		Debug|iPhone = Debug|iPhone
		Debug|iPhoneSimulator = Debug|iPhoneSimulator
		Release|Any CPU = Release|Any CPU
		Release|iPhone = Release|iPhone
		Release|iPhoneSimulator = Release|iPhoneSimulator
	EndGlobalSection
	GlobalSection(ProjectConfigurationPlatforms) = postSolution
		{BC99F672-4974-4C85-88BA-F86B37A473E0}.Debug|Any CPU.ActiveCfg = Debug|Any CPU
		{BC99F672-4974-4C85-88BA-F86B37A473E0}.Debug|Any CPU.Build.0 = Debug|Any CPU
		{BC99F672-4974-4C85-88BA-F86B37A473E0}.Debug|Any CPU.Deploy.0 = Debug|Any CPU
		{BC99F672-4974-4C85-88BA-F86B37A473E0}.Debug|iPhone.ActiveCfg = Debug|Any CPU
		{BC99F672-4974-4C85-88BA-F86B37A473E0}.Debug|iPhone.Build.0 = Debug|Any CPU
		{BC99F672-4974-4C85-88BA-F86B37A473E0}.Debug|iPhone.Deploy.0 = Debug|Any CPU
		{BC99F672-4974-4C85-88BA-F86B37A473E0}.Debug|iPhoneSimulator.ActiveCfg = Debug|Any CPU
		{BC99F672-4974-4C85-88BA-F86B37A473E0}.Debug|iPhoneSimulator.Build.0 = Debug|Any CPU
		{BC99F672-4974-4C85-88BA-F86B37A473E0}.Debug|iPhoneSimulator.Deploy.0 = Debug|Any CPU
		{BC99F672-4974-4C85-88BA-F86B37A473E0}.Release|Any CPU.ActiveCfg = Release|Any CPU
		{BC99F672-4974-4C85-88BA-F86B37A473E0}.Release|Any CPU.Build.0 = Release|Any CPU
		{BC99F672-4974-4C85-88BA-F86B37A473E0}.Release|Any CPU.Deploy.0 = Release|Any CPU
		{BC99F672-4974-4C85-88BA-F86B37A473E0}.Release|iPhone.ActiveCfg = Release|Any CPU
		{BC99F672-4974-4C85-88BA-F86B37A473E0}.Release|iPhone.Build.0 = Release|Any CPU
		{BC99F672-4974-4C85-88BA-F86B37A473E0}.Release|iPhone.Deploy.0 = Release|Any CPU
		{BC99F672-4974-4C85-88BA-F86B37A473E0}.Release|iPhoneSimulator.ActiveCfg = Release|Any CPU
		{BC99F672-4974-4C85-88BA-F86B37A473E0}.Release|iPhoneSimulator.Build.0 = Release|Any CPU
		{BC99F672-4974-4C85-88BA-F86B37A473E0}.Release|iPhoneSimulator.Deploy.0 = Release|Any CPU
		{A94B8FA4-1E5B-4C7E-A49A-D4F9223E80AA}.Debug|Any CPU.ActiveCfg = Debug|iPhone
		{A94B8FA4-1E5B-4C7E-A49A-D4F9223E80AA}.Debug|Any CPU.Build.0 = Debug|iPhone
		{A94B8FA4-1E5B-4C7E-A49A-D4F9223E80AA}.Debug|Any CPU.Deploy.0 = Debug|iPhone
		{A94B8FA4-1E5B-4C7E-A49A-D4F9223E80AA}.Debug|iPhone.ActiveCfg = Debug|iPhone
		{A94B8FA4-1E5B-4C7E-A49A-D4F9223E80AA}.Debug|iPhone.Build.0 = Debug|iPhone
		{A94B8FA4-1E5B-4C7E-A49A-D4F9223E80AA}.Debug|iPhone.Deploy.0 = Debug|iPhone
		{A94B8FA4-1E5B-4C7E-A49A-D4F9223E80AA}.Debug|iPhoneSimulator.ActiveCfg = Debug|iPhoneSimulator
		{A94B8FA4-1E5B-4C7E-A49A-D4F9223E80AA}.Debug|iPhoneSimulator.Build.0 = Debug|iPhoneSimulator
		{A94B8FA4-1E5B-4C7E-A49A-D4F9223E80AA}.Debug|iPhoneSimulator.Deploy.0 = Debug|iPhoneSimulator
		{A94B8FA4-1E5B-4C7E-A49A-D4F9223E80AA}.Release|Any CPU.ActiveCfg = Release|iPhoneSimulator
		{A94B8FA4-1E5B-4C7E-A49A-D4F9223E80AA}.Release|Any CPU.Build.0 = Release|iPhoneSimulator
		{A94B8FA4-1E5B-4C7E-A49A-D4F9223E80AA}.Release|Any CPU.Deploy.0 = Release|iPhoneSimulator
		{A94B8FA4-1E5B-4C7E-A49A-D4F9223E80AA}.Release|iPhone.ActiveCfg = Release|iPhone
		{A94B8FA4-1E5B-4C7E-A49A-D4F9223E80AA}.Release|iPhone.Build.0 = Release|iPhone
		{A94B8FA4-1E5B-4C7E-A49A-D4F9223E80AA}.Release|iPhone.Deploy.0 = Release|iPhone
		{A94B8FA4-1E5B-4C7E-A49A-D4F9223E80AA}.Release|iPhoneSimulator.ActiveCfg = Release|iPhoneSimulator
		{A94B8FA4-1E5B-4C7E-A49A-D4F9223E80AA}.Release|iPhoneSimulator.Build.0 = Release|iPhoneSimulator
		{A94B8FA4-1E5B-4C7E-A49A-D4F9223E80AA}.Release|iPhoneSimulator.Deploy.0 = Release|iPhoneSimulator
		{E7179BF7-84EC-4FE1-8BBE-83652B3054C6}.Debug|Any CPU.ActiveCfg = Debug|Any CPU
		{E7179BF7-84EC-4FE1-8BBE-83652B3054C6}.Debug|Any CPU.Build.0 = Debug|Any CPU
		{E7179BF7-84EC-4FE1-8BBE-83652B3054C6}.Debug|Any CPU.Deploy.0 = Debug|Any CPU
		{E7179BF7-84EC-4FE1-8BBE-83652B3054C6}.Debug|iPhone.ActiveCfg = Debug|Any CPU
		{E7179BF7-84EC-4FE1-8BBE-83652B3054C6}.Debug|iPhone.Build.0 = Debug|Any CPU
		{E7179BF7-84EC-4FE1-8BBE-83652B3054C6}.Debug|iPhone.Deploy.0 = Debug|Any CPU
		{E7179BF7-84EC-4FE1-8BBE-83652B3054C6}.Debug|iPhoneSimulator.ActiveCfg = Debug|Any CPU
		{E7179BF7-84EC-4FE1-8BBE-83652B3054C6}.Debug|iPhoneSimulator.Build.0 = Debug|Any CPU
		{E7179BF7-84EC-4FE1-8BBE-83652B3054C6}.Debug|iPhoneSimulator.Deploy.0 = Debug|Any CPU
		{E7179BF7-84EC-4FE1-8BBE-83652B3054C6}.Release|Any CPU.ActiveCfg = Release|Any CPU
		{E7179BF7-84EC-4FE1-8BBE-83652B3054C6}.Release|Any CPU.Build.0 = Release|Any CPU
		{E7179BF7-84EC-4FE1-8BBE-83652B3054C6}.Release|Any CPU.Deploy.0 = Release|Any CPU
		{E7179BF7-84EC-4FE1-8BBE-83652B3054C6}.Release|iPhone.ActiveCfg = Release|Any CPU
		{E7179BF7-84EC-4FE1-8BBE-83652B3054C6}.Release|iPhone.Build.0 = Release|Any CPU
		{E7179BF7-84EC-4FE1-8BBE-83652B3054C6}.Release|iPhone.Deploy.0 = Release|Any CPU
		{E7179BF7-84EC-4FE1-8BBE-83652B3054C6}.Release|iPhoneSimulator.ActiveCfg = Release|Any CPU
		{E7179BF7-84EC-4FE1-8BBE-83652B3054C6}.Release|iPhoneSimulator.Build.0 = Release|Any CPU
		{E7179BF7-84EC-4FE1-8BBE-83652B3054C6}.Release|iPhoneSimulator.Deploy.0 = Release|Any CPU
	EndGlobalSection
	GlobalSection(SolutionProperties) = preSolution
		HideSolutionNode = FALSE
	EndGlobalSection
	GlobalSection(ExtensibilityGlobals) = postSolution
		SolutionGuid = {92CEDBC6-AF79-496C-AFDA-ACE7794B3886}
	EndGlobalSection
EndGlobal
